// !$*UTF8*$!
{
	archiveVersion = 1;
	classes = {
	};
	objectVersion = 46;
	objects = {

/* Begin PBXBuildFile section */
		07DF0CF11AAA8D890004952E /* AppDelegate.swift in Sources */ = {isa = PBXBuildFile; fileRef = 07DF0CF01AAA8D890004952E /* AppDelegate.swift */; };
		07DF0CF31AAA8D890004952E /* FirstViewController.swift in Sources */ = {isa = PBXBuildFile; fileRef = 07DF0CF21AAA8D890004952E /* FirstViewController.swift */; };
		07DF0CF51AAA8D890004952E /* SecondViewController.swift in Sources */ = {isa = PBXBuildFile; fileRef = 07DF0CF41AAA8D890004952E /* SecondViewController.swift */; };
		07DF0CF81AAA8D890004952E /* Main.storyboard in Resources */ = {isa = PBXBuildFile; fileRef = 07DF0CF61AAA8D890004952E /* Main.storyboard */; };
		07DF0CFA1AAA8D890004952E /* Images.xcassets in Resources */ = {isa = PBXBuildFile; fileRef = 07DF0CF91AAA8D890004952E /* Images.xcassets */; };
		07DF0CFD1AAA8D890004952E /* LaunchScreen.xib in Resources */ = {isa = PBXBuildFile; fileRef = 07DF0CFB1AAA8D890004952E /* LaunchScreen.xib */; };
		07DF0D091AAA8D890004952E /* yiqiwanTests.swift in Sources */ = {isa = PBXBuildFile; fileRef = 07DF0D081AAA8D890004952E /* yiqiwanTests.swift */; };
		424370AD1AD1453A002274A3 /* YQWFindViewController.swift in Sources */ = {isa = PBXBuildFile; fileRef = 424370AC1AD1453A002274A3 /* YQWFindViewController.swift */; };
		424370B01AD15237002274A3 /* YQWPlaceCell.xib in Resources */ = {isa = PBXBuildFile; fileRef = 424370AF1AD15237002274A3 /* YQWPlaceCell.xib */; };
		424370B21AD1536E002274A3 /* YQWPlaceCell.swift in Sources */ = {isa = PBXBuildFile; fileRef = 424370B11AD1536E002274A3 /* YQWPlaceCell.swift */; };
		4FA9BAD81AE3554A00C94243 /* Place.swift in Sources */ = {isa = PBXBuildFile; fileRef = 4FA9BAD71AE3554A00C94243 /* Place.swift */; };
/* End PBXBuildFile section */

/* Begin PBXContainerItemProxy section */
		07DF0D031AAA8D890004952E /* PBXContainerItemProxy */ = {
			isa = PBXContainerItemProxy;
			containerPortal = 07DF0CE31AAA8D890004952E /* Project object */;
			proxyType = 1;
			remoteGlobalIDString = 07DF0CEA1AAA8D890004952E;
			remoteInfo = yiqiwan;
		};
/* End PBXContainerItemProxy section */

/* Begin PBXFileReference section */
		07DF0CEB1AAA8D890004952E /* yiqiwan.app */ = {isa = PBXFileReference; explicitFileType = wrapper.application; includeInIndex = 0; path = yiqiwan.app; sourceTree = BUILT_PRODUCTS_DIR; };
		07DF0CEF1AAA8D890004952E /* Info.plist */ = {isa = PBXFileReference; lastKnownFileType = text.plist.xml; path = Info.plist; sourceTree = "<group>"; };
		07DF0CF01AAA8D890004952E /* AppDelegate.swift */ = {isa = PBXFileReference; lastKnownFileType = sourcecode.swift; path = AppDelegate.swift; sourceTree = "<group>"; };
		07DF0CF21AAA8D890004952E /* FirstViewController.swift */ = {isa = PBXFileReference; lastKnownFileType = sourcecode.swift; path = FirstViewController.swift; sourceTree = "<group>"; };
		07DF0CF41AAA8D890004952E /* SecondViewController.swift */ = {isa = PBXFileReference; lastKnownFileType = sourcecode.swift; path = SecondViewController.swift; sourceTree = "<group>"; };
		07DF0CF71AAA8D890004952E /* Base */ = {isa = PBXFileReference; lastKnownFileType = file.storyboard; name = Base; path = Base.lproj/Main.storyboard; sourceTree = "<group>"; };
		07DF0CF91AAA8D890004952E /* Images.xcassets */ = {isa = PBXFileReference; lastKnownFileType = folder.assetcatalog; path = Images.xcassets; sourceTree = "<group>"; };
		07DF0CFC1AAA8D890004952E /* Base */ = {isa = PBXFileReference; lastKnownFileType = file.xib; name = Base; path = Base.lproj/LaunchScreen.xib; sourceTree = "<group>"; };
		07DF0D021AAA8D890004952E /* yiqiwanTests.xctest */ = {isa = PBXFileReference; explicitFileType = wrapper.cfbundle; includeInIndex = 0; path = yiqiwanTests.xctest; sourceTree = BUILT_PRODUCTS_DIR; };
		07DF0D071AAA8D890004952E /* Info.plist */ = {isa = PBXFileReference; lastKnownFileType = text.plist.xml; path = Info.plist; sourceTree = "<group>"; };
		07DF0D081AAA8D890004952E /* yiqiwanTests.swift */ = {isa = PBXFileReference; lastKnownFileType = sourcecode.swift; path = yiqiwanTests.swift; sourceTree = "<group>"; };
		424370AC1AD1453A002274A3 /* YQWFindViewController.swift */ = {isa = PBXFileReference; fileEncoding = 4; lastKnownFileType = sourcecode.swift; path = YQWFindViewController.swift; sourceTree = "<group>"; };
		424370AF1AD15237002274A3 /* YQWPlaceCell.xib */ = {isa = PBXFileReference; fileEncoding = 4; lastKnownFileType = file.xib; path = YQWPlaceCell.xib; sourceTree = "<group>"; };
		424370B11AD1536E002274A3 /* YQWPlaceCell.swift */ = {isa = PBXFileReference; fileEncoding = 4; lastKnownFileType = sourcecode.swift; path = YQWPlaceCell.swift; sourceTree = "<group>"; };
		4FA9BAD71AE3554A00C94243 /* Place.swift */ = {isa = PBXFileReference; fileEncoding = 4; lastKnownFileType = sourcecode.swift; name = Place.swift; path = Models/Place.swift; sourceTree = "<group>"; };
/* End PBXFileReference section */

/* Begin PBXFrameworksBuildPhase section */
		07DF0CE81AAA8D890004952E /* Frameworks */ = {
			isa = PBXFrameworksBuildPhase;
			buildActionMask = 2147483647;
			files = (
			);
			runOnlyForDeploymentPostprocessing = 0;
		};
		07DF0CFF1AAA8D890004952E /* Frameworks */ = {
			isa = PBXFrameworksBuildPhase;
			buildActionMask = 2147483647;
			files = (
			);
			runOnlyForDeploymentPostprocessing = 0;
		};
/* End PBXFrameworksBuildPhase section */

/* Begin PBXGroup section */
		07DF0CE21AAA8D890004952E = {
			isa = PBXGroup;
			children = (
				07DF0CED1AAA8D890004952E /* yiqiwan */,
				07DF0D051AAA8D890004952E /* yiqiwanTests */,
				07DF0CEC1AAA8D890004952E /* Products */,
			);
			sourceTree = "<group>";
		};
		07DF0CEC1AAA8D890004952E /* Products */ = {
			isa = PBXGroup;
			children = (
				07DF0CEB1AAA8D890004952E /* yiqiwan.app */,
				07DF0D021AAA8D890004952E /* yiqiwanTests.xctest */,
			);
			name = Products;
			sourceTree = "<group>";
		};
		07DF0CED1AAA8D890004952E /* yiqiwan */ = {
			isa = PBXGroup;
			children = (
				4FA9BAD61AE3551500C94243 /* Models */,
				424370AA1AD14508002274A3 /* Find */,
				07DF0CF01AAA8D890004952E /* AppDelegate.swift */,
				07DF0CF21AAA8D890004952E /* FirstViewController.swift */,
				07DF0CF41AAA8D890004952E /* SecondViewController.swift */,
				07DF0CF61AAA8D890004952E /* Main.storyboard */,
				07DF0CF91AAA8D890004952E /* Images.xcassets */,
				07DF0CFB1AAA8D890004952E /* LaunchScreen.xib */,
				07DF0CEE1AAA8D890004952E /* Supporting Files */,
			);
			path = yiqiwan;
			sourceTree = "<group>";
		};
		07DF0CEE1AAA8D890004952E /* Supporting Files */ = {
			isa = PBXGroup;
			children = (
				07DF0CEF1AAA8D890004952E /* Info.plist */,
			);
			path = "Supporting Files";
			sourceTree = "<group>";
		};
		07DF0D051AAA8D890004952E /* yiqiwanTests */ = {
			isa = PBXGroup;
			children = (
				07DF0D081AAA8D890004952E /* yiqiwanTests.swift */,
				07DF0D061AAA8D890004952E /* Supporting Files */,
			);
			path = yiqiwanTests;
			sourceTree = "<group>";
		};
		07DF0D061AAA8D890004952E /* Supporting Files */ = {
			isa = PBXGroup;
			children = (
				07DF0D071AAA8D890004952E /* Info.plist */,
			);
			path = "Supporting Files";
			sourceTree = "<group>";
		};
		424370AA1AD14508002274A3 /* Find */ = {
			isa = PBXGroup;
			children = (
				424370AE1AD15213002274A3 /* View */,
				424370AB1AD14517002274A3 /* Controller */,
			);
			path = Find;
			sourceTree = "<group>";
		};
		424370AB1AD14517002274A3 /* Controller */ = {
			isa = PBXGroup;
			children = (
				424370AC1AD1453A002274A3 /* YQWFindViewController.swift */,
			);
			path = Controller;
			sourceTree = "<group>";
		};
		424370AE1AD15213002274A3 /* View */ = {
			isa = PBXGroup;
			children = (
				424370AF1AD15237002274A3 /* YQWPlaceCell.xib */,
				424370B11AD1536E002274A3 /* YQWPlaceCell.swift */,
			);
			path = View;
			sourceTree = "<group>";
		};
		4FA9BAD61AE3551500C94243 /* Models */ = {
			isa = PBXGroup;
			children = (
				4FA9BAD71AE3554A00C94243 /* Place.swift */,
			);
			name = Models;
			sourceTree = "<group>";
		};
/* End PBXGroup section */

/* Begin PBXNativeTarget section */
		07DF0CEA1AAA8D890004952E /* yiqiwan */ = {
			isa = PBXNativeTarget;
			buildConfigurationList = 07DF0D0C1AAA8D890004952E /* Build configuration list for PBXNativeTarget "yiqiwan" */;
			buildPhases = (
				07DF0CE71AAA8D890004952E /* Sources */,
				07DF0CE81AAA8D890004952E /* Frameworks */,
				07DF0CE91AAA8D890004952E /* Resources */,
			);
			buildRules = (
			);
			dependencies = (
			);
			name = yiqiwan;
			productName = yiqiwan;
			productReference = 07DF0CEB1AAA8D890004952E /* yiqiwan.app */;
			productType = "com.apple.product-type.application";
		};
		07DF0D011AAA8D890004952E /* yiqiwanTests */ = {
			isa = PBXNativeTarget;
			buildConfigurationList = 07DF0D0F1AAA8D890004952E /* Build configuration list for PBXNativeTarget "yiqiwanTests" */;
			buildPhases = (
				07DF0CFE1AAA8D890004952E /* Sources */,
				07DF0CFF1AAA8D890004952E /* Frameworks */,
				07DF0D001AAA8D890004952E /* Resources */,
			);
			buildRules = (
			);
			dependencies = (
				07DF0D041AAA8D890004952E /* PBXTargetDependency */,
			);
			name = yiqiwanTests;
			productName = yiqiwanTests;
			productReference = 07DF0D021AAA8D890004952E /* yiqiwanTests.xctest */;
			productType = "com.apple.product-type.bundle.unit-test";
		};
/* End PBXNativeTarget section */

/* Begin PBXProject section */
		07DF0CE31AAA8D890004952E /* Project object */ = {
			isa = PBXProject;
			attributes = {
				LastUpgradeCheck = 0610;
				ORGANIZATIONNAME = HAOJIANZONG;
				TargetAttributes = {
					07DF0CEA1AAA8D890004952E = {
						CreatedOnToolsVersion = 6.1.1;
					};
					07DF0D011AAA8D890004952E = {
						CreatedOnToolsVersion = 6.1.1;
						TestTargetID = 07DF0CEA1AAA8D890004952E;
					};
				};
			};
			buildConfigurationList = 07DF0CE61AAA8D890004952E /* Build configuration list for PBXProject "yiqiwan" */;
			compatibilityVersion = "Xcode 3.2";
			developmentRegion = English;
			hasScannedForEncodings = 0;
			knownRegions = (
				en,
				Base,
			);
			mainGroup = 07DF0CE21AAA8D890004952E;
			productRefGroup = 07DF0CEC1AAA8D890004952E /* Products */;
			projectDirPath = "";
			projectRoot = "";
			targets = (
				07DF0CEA1AAA8D890004952E /* yiqiwan */,
				07DF0D011AAA8D890004952E /* yiqiwanTests */,
			);
		};
/* End PBXProject section */

/* Begin PBXResourcesBuildPhase section */
		07DF0CE91AAA8D890004952E /* Resources */ = {
			isa = PBXResourcesBuildPhase;
			buildActionMask = 2147483647;
			files = (
				07DF0CF81AAA8D890004952E /* Main.storyboard in Resources */,
				07DF0CFD1AAA8D890004952E /* LaunchScreen.xib in Resources */,
				07DF0CFA1AAA8D890004952E /* Images.xcassets in Resources */,
				424370B01AD15237002274A3 /* YQWPlaceCell.xib in Resources */,
			);
			runOnlyForDeploymentPostprocessing = 0;
		};
		07DF0D001AAA8D890004952E /* Resources */ = {
			isa = PBXResourcesBuildPhase;
			buildActionMask = 2147483647;
			files = (
			);
			runOnlyForDeploymentPostprocessing = 0;
		};
/* End PBXResourcesBuildPhase section */

/* Begin PBXSourcesBuildPhase section */
		07DF0CE71AAA8D890004952E /* Sources */ = {
			isa = PBXSourcesBuildPhase;
			buildActionMask = 2147483647;
			files = (
				07DF0CF51AAA8D890004952E /* SecondViewController.swift in Sources */,
				07DF0CF11AAA8D890004952E /* AppDelegate.swift in Sources */,
				424370B21AD1536E002274A3 /* YQWPlaceCell.swift in Sources */,
				4FA9BAD81AE3554A00C94243 /* Place.swift in Sources */,
				07DF0CF31AAA8D890004952E /* FirstViewController.swift in Sources */,
				424370AD1AD1453A002274A3 /* YQWFindViewController.swift in Sources */,
			);
			runOnlyForDeploymentPostprocessing = 0;
		};
		07DF0CFE1AAA8D890004952E /* Sources */ = {
			isa = PBXSourcesBuildPhase;
			buildActionMask = 2147483647;
			files = (
				07DF0D091AAA8D890004952E /* yiqiwanTests.swift in Sources */,
			);
			runOnlyForDeploymentPostprocessing = 0;
		};
/* End PBXSourcesBuildPhase section */

/* Begin PBXTargetDependency section */
		07DF0D041AAA8D890004952E /* PBXTargetDependency */ = {
			isa = PBXTargetDependency;
			target = 07DF0CEA1AAA8D890004952E /* yiqiwan */;
			targetProxy = 07DF0D031AAA8D890004952E /* PBXContainerItemProxy */;
		};
/* End PBXTargetDependency section */

/* Begin PBXVariantGroup section */
		07DF0CF61AAA8D890004952E /* Main.storyboard */ = {
			isa = PBXVariantGroup;
			children = (
				07DF0CF71AAA8D890004952E /* Base */,
			);
			name = Main.storyboard;
			path = .;
			sourceTree = "<group>";
		};
		07DF0CFB1AAA8D890004952E /* LaunchScreen.xib */ = {
			isa = PBXVariantGroup;
			children = (
				07DF0CFC1AAA8D890004952E /* Base */,
			);
			name = LaunchScreen.xib;
			path = .;
			sourceTree = "<group>";
		};
/* End PBXVariantGroup section */

/* Begin XCBuildConfiguration section */
		07DF0D0A1AAA8D890004952E /* Debug */ = {
			isa = XCBuildConfiguration;
			buildSettings = {
				ALWAYS_SEARCH_USER_PATHS = NO;
				CLANG_CXX_LANGUAGE_STANDARD = "gnu++0x";
				CLANG_CXX_LIBRARY = "libc++";
				CLANG_ENABLE_MODULES = YES;
				CLANG_ENABLE_OBJC_ARC = YES;
				CLANG_WARN_BOOL_CONVERSION = YES;
				CLANG_WARN_CONSTANT_CONVERSION = YES;
				CLANG_WARN_DIRECT_OBJC_ISA_USAGE = YES_ERROR;
				CLANG_WARN_EMPTY_BODY = YES;
				CLANG_WARN_ENUM_CONVERSION = YES;
				CLANG_WARN_INT_CONVERSION = YES;
				CLANG_WARN_OBJC_ROOT_CLASS = YES_ERROR;
				CLANG_WARN_UNREACHABLE_CODE = YES;
				CLANG_WARN__DUPLICATE_METHOD_MATCH = YES;
				"CODE_SIGN_IDENTITY[sdk=iphoneos*]" = "iPhone Developer";
				COPY_PHASE_STRIP = NO;
				ENABLE_STRICT_OBJC_MSGSEND = YES;
				GCC_C_LANGUAGE_STANDARD = gnu99;
				GCC_DYNAMIC_NO_PIC = NO;
				GCC_OPTIMIZATION_LEVEL = 0;
				GCC_PREPROCESSOR_DEFINITIONS = (
					"DEBUG=1",
					"$(inherited)",
				);
				GCC_SYMBOLS_PRIVATE_EXTERN = NO;
				GCC_WARN_64_TO_32_BIT_CONVERSION = YES;
				GCC_WARN_ABOUT_RETURN_TYPE = YES_ERROR;
				GCC_WARN_UNDECLARED_SELECTOR = YES;
				GCC_WARN_UNINITIALIZED_AUTOS = YES_AGGRESSIVE;
				GCC_WARN_UNUSED_FUNCTION = YES;
				GCC_WARN_UNUSED_VARIABLE = YES;
				IPHONEOS_DEPLOYMENT_TARGET = 8.1;
				MTL_ENABLE_DEBUG_INFO = YES;
				ONLY_ACTIVE_ARCH = YES;
				SDKROOT = iphoneos;
				SWIFT_OPTIMIZATION_LEVEL = "-Onone";
			};
			name = Debug;
		};
		07DF0D0B1AAA8D890004952E /* Release */ = {
			isa = XCBuildConfiguration;
			buildSettings = {
				ALWAYS_SEARCH_USER_PATHS = NO;
				CLANG_CXX_LANGUAGE_STANDARD = "gnu++0x";
				CLANG_CXX_LIBRARY = "libc++";
				CLANG_ENABLE_MODULES = YES;
				CLANG_ENABLE_OBJC_ARC = YES;
				CLANG_WARN_BOOL_CONVERSION = YES;
				CLANG_WARN_CONSTANT_CONVERSION = YES;
				CLANG_WARN_DIRECT_OBJC_ISA_USAGE = YES_ERROR;
				CLANG_WARN_EMPTY_BODY = YES;
				CLANG_WARN_ENUM_CONVERSION = YES;
				CLANG_WARN_INT_CONVERSION = YES;
				CLANG_WARN_OBJC_ROOT_CLASS = YES_ERROR;
				CLANG_WARN_UNREACHABLE_CODE = YES;
				CLANG_WARN__DUPLICATE_METHOD_MATCH = YES;
				"CODE_SIGN_IDENTITY[sdk=iphoneos*]" = "iPhone Developer";
				COPY_PHASE_STRIP = YES;
				ENABLE_NS_ASSERTIONS = NO;
				ENABLE_STRICT_OBJC_MSGSEND = YES;
				GCC_C_LANGUAGE_STANDARD = gnu99;
				GCC_WARN_64_TO_32_BIT_CONVERSION = YES;
				GCC_WARN_ABOUT_RETURN_TYPE = YES_ERROR;
				GCC_WARN_UNDECLARED_SELECTOR = YES;
				GCC_WARN_UNINITIALIZED_AUTOS = YES_AGGRESSIVE;
				GCC_WARN_UNUSED_FUNCTION = YES;
				GCC_WARN_UNUSED_VARIABLE = YES;
				IPHONEOS_DEPLOYMENT_TARGET = 8.1;
				MTL_ENABLE_DEBUG_INFO = NO;
				SDKROOT = iphoneos;
				VALIDATE_PRODUCT = YES;
			};
			name = Release;
		};
		07DF0D0D1AAA8D890004952E /* Debug */ = {
			isa = XCBuildConfiguration;
			buildSettings = {
				ASSETCATALOG_COMPILER_APPICON_NAME = AppIcon;
				INFOPLIST_FILE = "yiqiwan/Supporting Files/Info.plist";
				LD_RUNPATH_SEARCH_PATHS = "$(inherited) @executable_path/Frameworks";
				PRODUCT_NAME = "$(TARGET_NAME)";
			};
			name = Debug;
		};
		07DF0D0E1AAA8D890004952E /* Release */ = {
			isa = XCBuildConfiguration;
			buildSettings = {
				ASSETCATALOG_COMPILER_APPICON_NAME = AppIcon;
				INFOPLIST_FILE = "yiqiwan/Supporting Files/Info.plist";
				LD_RUNPATH_SEARCH_PATHS = "$(inherited) @executable_path/Frameworks";
				PRODUCT_NAME = "$(TARGET_NAME)";
			};
			name = Release;
		};
		07DF0D101AAA8D890004952E /* Debug */ = {
			isa = XCBuildConfiguration;
			buildSettings = {
				BUNDLE_LOADER = "$(TEST_HOST)";
				FRAMEWORK_SEARCH_PATHS = (
					"$(SDKROOT)/Developer/Library/Frameworks",
					"$(inherited)",
				);
				GCC_PREPROCESSOR_DEFINITIONS = (
					"DEBUG=1",
					"$(inherited)",
				);
				INFOPLIST_FILE = "yiqiwanTests/Supporting Files/Info.plist";
				LD_RUNPATH_SEARCH_PATHS = "$(inherited) @executable_path/Frameworks @loader_path/Frameworks";
				PRODUCT_NAME = "$(TARGET_NAME)";
				TEST_HOST = "$(BUILT_PRODUCTS_DIR)/yiqiwan.app/yiqiwan";
			};
			name = Debug;
		};
		07DF0D111AAA8D890004952E /* Release */ = {
			isa = XCBuildConfiguration;
			buildSettings = {
				BUNDLE_LOADER = "$(TEST_HOST)";
				FRAMEWORK_SEARCH_PATHS = (
					"$(SDKROOT)/Developer/Library/Frameworks",
					"$(inherited)",
				);
				INFOPLIST_FILE = "yiqiwanTests/Supporting Files/Info.plist";
				LD_RUNPATH_SEARCH_PATHS = "$(inherited) @executable_path/Frameworks @loader_path/Frameworks";
				PRODUCT_NAME = "$(TARGET_NAME)";
				TEST_HOST = "$(BUILT_PRODUCTS_DIR)/yiqiwan.app/yiqiwan";
			};
			name = Release;
		};
/* End XCBuildConfiguration section */

/* Begin XCConfigurationList section */
		07DF0CE61AAA8D890004952E /* Build configuration list for PBXProject "yiqiwan" */ = {
			isa = XCConfigurationList;
			buildConfigurations = (
				07DF0D0A1AAA8D890004952E /* Debug */,
				07DF0D0B1AAA8D890004952E /* Release */,
			);
			defaultConfigurationIsVisible = 0;
			defaultConfigurationName = Release;
		};
		07DF0D0C1AAA8D890004952E /* Build configuration list for PBXNativeTarget "yiqiwan" */ = {
			isa = XCConfigurationList;
			buildConfigurations = (
				07DF0D0D1AAA8D890004952E /* Debug */,
				07DF0D0E1AAA8D890004952E /* Release */,
			);
			defaultConfigurationIsVisible = 0;
			defaultConfigurationName = Release;
		};
		07DF0D0F1AAA8D890004952E /* Build configuration list for PBXNativeTarget "yiqiwanTests" */ = {
			isa = XCConfigurationList;
			buildConfigurations = (
				07DF0D101AAA8D890004952E /* Debug */,
				07DF0D111AAA8D890004952E /* Release */,
			);
			defaultConfigurationIsVisible = 0;
			defaultConfigurationName = Release;
		};
/* End XCConfigurationList section */
	};
	rootObject = 07DF0CE31AAA8D890004952E /* Project object */;
}
